
Microsoft Visual Studio Solution File, Format Version 12.00
# Visual Studio 15
VisualStudioVersion = 15.0.26124.0
MinimumVisualStudioVersion = 15.0.26124.0
Project("{FAE04EC0-301F-11D3-BF4B-00C04F79EFBC}") = "Domain", "Domain\Domain.csproj", "{B77D9712-207E-4557-A77A-C0294150A569}"
EndProject
Project("{FAE04EC0-301F-11D3-BF4B-00C04F79EFBC}") = "API", "API\API.csproj", "{6AAC9216-7F97-45BE-B7AB-6C4D7699F8A2}"
EndProject
Project("{FAE04EC0-301F-11D3-BF4B-00C04F79EFBC}") = "Application", "Application\Application.csproj", "{8BF87129-C0F2-4175-95BB-BEE7021F0F40}"
EndProject
Project("{FAE04EC0-301F-11D3-BF4B-00C04F79EFBC}") = "Persistence", "Persistence\Persistence.csproj", "{7FA60148-4900-4DED-BD48-899459BEBEC7}"
EndProject
Project("{FAE04EC0-301F-11D3-BF4B-00C04F79EFBC}") = "Infrastructure", "Infrastructure\Infrastructure.csproj", "{D014EC3D-088B-4C3A-BF8E-995EA0AF0763}"
EndProject
Global
	GlobalSection(SolutionConfigurationPlatforms) = preSolution
		Debug|Any CPU = Debug|Any CPU
		Debug|x64 = Debug|x64
		Debug|x86 = Debug|x86
		Release|Any CPU = Release|Any CPU
		Release|x64 = Release|x64
		Release|x86 = Release|x86
	EndGlobalSection
	GlobalSection(SolutionProperties) = preSolution
		HideSolutionNode = FALSE
	EndGlobalSection
	GlobalSection(ProjectConfigurationPlatforms) = postSolution
		{B77D9712-207E-4557-A77A-C0294150A569}.Debug|Any CPU.ActiveCfg = Debug|Any CPU
		{B77D9712-207E-4557-A77A-C0294150A569}.Debug|Any CPU.Build.0 = Debug|Any CPU
		{B77D9712-207E-4557-A77A-C0294150A569}.Debug|x64.ActiveCfg = Debug|Any CPU
		{B77D9712-207E-4557-A77A-C0294150A569}.Debug|x64.Build.0 = Debug|Any CPU
		{B77D9712-207E-4557-A77A-C0294150A569}.Debug|x86.ActiveCfg = Debug|Any CPU
		{B77D9712-207E-4557-A77A-C0294150A569}.Debug|x86.Build.0 = Debug|Any CPU
		{B77D9712-207E-4557-A77A-C0294150A569}.Release|Any CPU.ActiveCfg = Release|Any CPU
		{B77D9712-207E-4557-A77A-C0294150A569}.Release|Any CPU.Build.0 = Release|Any CPU
		{B77D9712-207E-4557-A77A-C0294150A569}.Release|x64.ActiveCfg = Release|Any CPU
		{B77D9712-207E-4557-A77A-C0294150A569}.Release|x64.Build.0 = Release|Any CPU
		{B77D9712-207E-4557-A77A-C0294150A569}.Release|x86.ActiveCfg = Release|Any CPU
		{B77D9712-207E-4557-A77A-C0294150A569}.Release|x86.Build.0 = Release|Any CPU
		{6AAC9216-7F97-45BE-B7AB-6C4D7699F8A2}.Debug|Any CPU.ActiveCfg = Debug|Any CPU
		{6AAC9216-7F97-45BE-B7AB-6C4D7699F8A2}.Debug|Any CPU.Build.0 = Debug|Any CPU
		{6AAC9216-7F97-45BE-B7AB-6C4D7699F8A2}.Debug|x64.ActiveCfg = Debug|Any CPU
		{6AAC9216-7F97-45BE-B7AB-6C4D7699F8A2}.Debug|x64.Build.0 = Debug|Any CPU
		{6AAC9216-7F97-45BE-B7AB-6C4D7699F8A2}.Debug|x86.ActiveCfg = Debug|Any CPU
		{6AAC9216-7F97-45BE-B7AB-6C4D7699F8A2}.Debug|x86.Build.0 = Debug|Any CPU
		{6AAC9216-7F97-45BE-B7AB-6C4D7699F8A2}.Release|Any CPU.ActiveCfg = Release|Any CPU
		{6AAC9216-7F97-45BE-B7AB-6C4D7699F8A2}.Release|Any CPU.Build.0 = Release|Any CPU
		{6AAC9216-7F97-45BE-B7AB-6C4D7699F8A2}.Release|x64.ActiveCfg = Release|Any CPU
		{6AAC9216-7F97-45BE-B7AB-6C4D7699F8A2}.Release|x64.Build.0 = Release|Any CPU
		{6AAC9216-7F97-45BE-B7AB-6C4D7699F8A2}.Release|x86.ActiveCfg = Release|Any CPU
		{6AAC9216-7F97-45BE-B7AB-6C4D7699F8A2}.Release|x86.Build.0 = Release|Any CPU
		{8BF87129-C0F2-4175-95BB-BEE7021F0F40}.Debug|Any CPU.ActiveCfg = Debug|Any CPU
		{8BF87129-C0F2-4175-95BB-BEE7021F0F40}.Debug|Any CPU.Build.0 = Debug|Any CPU
		{8BF87129-C0F2-4175-95BB-BEE7021F0F40}.Debug|x64.ActiveCfg = Debug|Any CPU
		{8BF87129-C0F2-4175-95BB-BEE7021F0F40}.Debug|x64.Build.0 = Debug|Any CPU
		{8BF87129-C0F2-4175-95BB-BEE7021F0F40}.Debug|x86.ActiveCfg = Debug|Any CPU
		{8BF87129-C0F2-4175-95BB-BEE7021F0F40}.Debug|x86.Build.0 = Debug|Any CPU
		{8BF87129-C0F2-4175-95BB-BEE7021F0F40}.Release|Any CPU.ActiveCfg = Release|Any CPU
		{8BF87129-C0F2-4175-95BB-BEE7021F0F40}.Release|Any CPU.Build.0 = Release|Any CPU
		{8BF87129-C0F2-4175-95BB-BEE7021F0F40}.Release|x64.ActiveCfg = Release|Any CPU
		{8BF87129-C0F2-4175-95BB-BEE7021F0F40}.Release|x64.Build.0 = Release|Any CPU
		{8BF87129-C0F2-4175-95BB-BEE7021F0F40}.Release|x86.ActiveCfg = Release|Any CPU
		{8BF87129-C0F2-4175-95BB-BEE7021F0F40}.Release|x86.Build.0 = Release|Any CPU
		{7FA60148-4900-4DED-BD48-899459BEBEC7}.Debug|Any CPU.ActiveCfg = Debug|Any CPU
		{7FA60148-4900-4DED-BD48-899459BEBEC7}.Debug|Any CPU.Build.0 = Debug|Any CPU
		{7FA60148-4900-4DED-BD48-899459BEBEC7}.Debug|x64.ActiveCfg = Debug|Any CPU
		{7FA60148-4900-4DED-BD48-899459BEBEC7}.Debug|x64.Build.0 = Debug|Any CPU
		{7FA60148-4900-4DED-BD48-899459BEBEC7}.Debug|x86.ActiveCfg = Debug|Any CPU
		{7FA60148-4900-4DED-BD48-899459BEBEC7}.Debug|x86.Build.0 = Debug|Any CPU
		{7FA60148-4900-4DED-BD48-899459BEBEC7}.Release|Any CPU.ActiveCfg = Release|Any CPU
		{7FA60148-4900-4DED-BD48-899459BEBEC7}.Release|Any CPU.Build.0 = Release|Any CPU
		{7FA60148-4900-4DED-BD48-899459BEBEC7}.Release|x64.ActiveCfg = Release|Any CPU
		{7FA60148-4900-4DED-BD48-899459BEBEC7}.Release|x64.Build.0 = Release|Any CPU
		{7FA60148-4900-4DED-BD48-899459BEBEC7}.Release|x86.ActiveCfg = Release|Any CPU
		{7FA60148-4900-4DED-BD48-899459BEBEC7}.Release|x86.Build.0 = Release|Any CPU
		{D014EC3D-088B-4C3A-BF8E-995EA0AF0763}.Debug|Any CPU.ActiveCfg = Debug|Any CPU
		{D014EC3D-088B-4C3A-BF8E-995EA0AF0763}.Debug|Any CPU.Build.0 = Debug|Any CPU
		{D014EC3D-088B-4C3A-BF8E-995EA0AF0763}.Debug|x64.ActiveCfg = Debug|Any CPU
		{D014EC3D-088B-4C3A-BF8E-995EA0AF0763}.Debug|x64.Build.0 = Debug|Any CPU
		{D014EC3D-088B-4C3A-BF8E-995EA0AF0763}.Debug|x86.ActiveCfg = Debug|Any CPU
		{D014EC3D-088B-4C3A-BF8E-995EA0AF0763}.Debug|x86.Build.0 = Debug|Any CPU
		{D014EC3D-088B-4C3A-BF8E-995EA0AF0763}.Release|Any CPU.ActiveCfg = Release|Any CPU
		{D014EC3D-088B-4C3A-BF8E-995EA0AF0763}.Release|Any CPU.Build.0 = Release|Any CPU
		{D014EC3D-088B-4C3A-BF8E-995EA0AF0763}.Release|x64.ActiveCfg = Release|Any CPU
		{D014EC3D-088B-4C3A-BF8E-995EA0AF0763}.Release|x64.Build.0 = Release|Any CPU
		{D014EC3D-088B-4C3A-BF8E-995EA0AF0763}.Release|x86.ActiveCfg = Release|Any CPU
		{D014EC3D-088B-4C3A-BF8E-995EA0AF0763}.Release|x86.Build.0 = Release|Any CPU
	EndGlobalSection
EndGlobal
